
Microsoft Visual Studio Solution File, Format Version 11.00
# Visual Studio 2010 Express for Windows Phone
Project("{FAE04EC0-301F-11D3-BF4B-00C04F79EFBC}") = "WindowsPhoneGame4", "WindowsPhoneGame4\WindowsPhoneGame4\WindowsPhoneGame4.csproj", "{D2AFDC13-76F3-49EE-B185-AE7A66357B5C}"
EndProject
Project("{96E2B04D-8817-42C6-938A-82C39BA4D311}") = "WindowsPhoneGame4Content", "WindowsPhoneGame4\WindowsPhoneGame4Content\WindowsPhoneGame4Content.contentproj", "{B53B6AEC-8858-4FCA-B9B4-693120207ABB}"
EndProject
Global
	GlobalSection(SolutionConfigurationPlatforms) = preSolution
		Debug|Windows Phone = Debug|Windows Phone
		Release|Windows Phone = Release|Windows Phone
	EndGlobalSection
	GlobalSection(ProjectConfigurationPlatforms) = postSolution
		{D2AFDC13-76F3-49EE-B185-AE7A66357B5C}.Debug|Windows Phone.ActiveCfg = Debug|Windows Phone
		{D2AFDC13-76F3-49EE-B185-AE7A66357B5C}.Debug|Windows Phone.Build.0 = Debug|Windows Phone
		{D2AFDC13-76F3-49EE-B185-AE7A66357B5C}.Debug|Windows Phone.Deploy.0 = Debug|Windows Phone
		{D2AFDC13-76F3-49EE-B185-AE7A66357B5C}.Release|Windows Phone.ActiveCfg = Release|Windows Phone
		{D2AFDC13-76F3-49EE-B185-AE7A66357B5C}.Release|Windows Phone.Build.0 = Release|Windows Phone
		{D2AFDC13-76F3-49EE-B185-AE7A66357B5C}.Release|Windows Phone.Deploy.0 = Release|Windows Phone
		{B53B6AEC-8858-4FCA-B9B4-693120207ABB}.Debug|Windows Phone.ActiveCfg = Debug|Windows Phone
		{B53B6AEC-8858-4FCA-B9B4-693120207ABB}.Release|Windows Phone.ActiveCfg = Release|Windows Phone
	EndGlobalSection
	GlobalSection(SolutionProperties) = preSolution
		HideSolutionNode = FALSE
	EndGlobalSection
EndGlobal
